
Microsoft Visual Studio Solution File, Format Version 12.00
# Visual Studio Version 17
VisualStudioVersion = 17.0.32126.317
MinimumVisualStudioVersion = 10.0.40219.1
Project("{9A19103F-16F7-4668-BE54-9A1E7A4F7556}") = "sensor", "sensor\sensor.csproj", "{C77F9194-6C36-4A17-9524-28027D2556A4}"
EndProject
Project("{2150E333-8FDC-42A3-9474-1A3956D46DE8}") = "SolutionItems", "SolutionItems", "{BF81814C-F5DB-4F47-AB2D-ED9FA977CCAE}"
	ProjectSection(SolutionItems) = preProject
		.gitignore = .gitignore
		README.md = README.md
	EndProjectSection
EndProject
Project("{FAE04EC0-301F-11D3-BF4B-00C04F79EFBC}") = "sensor.Tests", "sensor.Tests\sensor.Tests.csproj", "{2BC582BE-8A4A-48FF-9398-9EA104E27E94}"
EndProject
Global
	GlobalSection(SolutionConfigurationPlatforms) = preSolution
		Debug|Any CPU = Debug|Any CPU
		Release|Any CPU = Release|Any CPU
	EndGlobalSection
	GlobalSection(ProjectConfigurationPlatforms) = postSolution
		{C77F9194-6C36-4A17-9524-28027D2556A4}.Debug|Any CPU.ActiveCfg = Debug|Any CPU
		{C77F9194-6C36-4A17-9524-28027D2556A4}.Debug|Any CPU.Build.0 = Debug|Any CPU
		{C77F9194-6C36-4A17-9524-28027D2556A4}.Release|Any CPU.ActiveCfg = Release|Any CPU
		{C77F9194-6C36-4A17-9524-28027D2556A4}.Release|Any CPU.Build.0 = Release|Any CPU
		{2BC582BE-8A4A-48FF-9398-9EA104E27E94}.Debug|Any CPU.ActiveCfg = Debug|Any CPU
		{2BC582BE-8A4A-48FF-9398-9EA104E27E94}.Debug|Any CPU.Build.0 = Debug|Any CPU
		{2BC582BE-8A4A-48FF-9398-9EA104E27E94}.Release|Any CPU.ActiveCfg = Release|Any CPU
		{2BC582BE-8A4A-48FF-9398-9EA104E27E94}.Release|Any CPU.Build.0 = Release|Any CPU
	EndGlobalSection
	GlobalSection(SolutionProperties) = preSolution
		HideSolutionNode = FALSE
	EndGlobalSection
	GlobalSection(ExtensibilityGlobals) = postSolution
		SolutionGuid = {E99D440E-1DBF-45CF-94A0-A23B0478E795}
	EndGlobalSection
EndGlobal
